schema: '2.0'
stages:
  integration:
    cmd: pixi run model-integration-test
    deps:
    - path: core/
      hash: md5
      md5: 6228f56acef895eeb5d4fdcd479cd1ee.dir
      size: 474129
      nfiles: 45
    - path: models/hws_2024_7_0
      hash: md5
      md5: e88123c69a0f7e3590b94c55dbe0062e.dir
      size: 45421022
      nfiles: 10
    params:
      models/integration.toml:
        solver.abstol: 1e-07
        solver.algorithm: QNDF
        solver.autodiff: true
        solver.reltol: 1e-07
    outs:
    - path: data/integration.toml
      hash: md5
      md5: aa6ff2820a6eda91df1073d3bc41755e
      size: 109
